
Microsoft Visual Studio Solution File, Format Version 12.00
# Visual Studio Version 16
VisualStudioVersion = 25.0.1706.13
MinimumVisualStudioVersion = 10.0.40219.1
Project("{FAE04EC0-301F-11D3-BF4B-00C04F79EFBC}") = "ConsoleCsharpEssentials", "ConsoleCsharpEssentials\ConsoleCsharpEssentials.csproj", "{04B848CE-A350-4CD7-835F-4A7408DDBC30}"
EndProject
Global
	GlobalSection(SolutionConfigurationPlatforms) = preSolution
		Debug|Any CPU = Debug|Any CPU
		Release|Any CPU = Release|Any CPU
	EndGlobalSection
	GlobalSection(ProjectConfigurationPlatforms) = postSolution
		{04B848CE-A350-4CD7-835F-4A7408DDBC30}.Debug|Any CPU.ActiveCfg = Debug|Any CPU
		{04B848CE-A350-4CD7-835F-4A7408DDBC30}.Debug|Any CPU.Build.0 = Debug|Any CPU
		{04B848CE-A350-4CD7-835F-4A7408DDBC30}.Release|Any CPU.ActiveCfg = Release|Any CPU
		{04B848CE-A350-4CD7-835F-4A7408DDBC30}.Release|Any CPU.Build.0 = Release|Any CPU
	EndGlobalSection
	GlobalSection(SolutionProperties) = preSolution
		HideSolutionNode = FALSE
	EndGlobalSection
	GlobalSection(ExtensibilityGlobals) = postSolution
		SolutionGuid = {923CE9B5-13F0-445C-8994-9ABF72BC4997}
	EndGlobalSection
EndGlobal
